
Microsoft Visual Studio Solution File, Format Version 12.00
# Visual Studio Version 16
VisualStudioVersion = 25.0.1700.4
MinimumVisualStudioVersion = 10.0.40219.1
Project("{FAE04EC0-301F-11D3-BF4B-00C04F79EFBC}") = "PigLatin", "PigLatin\PigLatin.csproj", "{E9FD133E-791C-46DE-A388-1B4DC270FD0C}"
EndProject
Global
	GlobalSection(SolutionConfigurationPlatforms) = preSolution
		Debug|Any CPU = Debug|Any CPU
		Release|Any CPU = Release|Any CPU
	EndGlobalSection
	GlobalSection(ProjectConfigurationPlatforms) = postSolution
		{E9FD133E-791C-46DE-A388-1B4DC270FD0C}.Debug|Any CPU.ActiveCfg = Debug|Any CPU
		{E9FD133E-791C-46DE-A388-1B4DC270FD0C}.Debug|Any CPU.Build.0 = Debug|Any CPU
		{E9FD133E-791C-46DE-A388-1B4DC270FD0C}.Release|Any CPU.ActiveCfg = Release|Any CPU
		{E9FD133E-791C-46DE-A388-1B4DC270FD0C}.Release|Any CPU.Build.0 = Release|Any CPU
	EndGlobalSection
	GlobalSection(SolutionProperties) = preSolution
		HideSolutionNode = FALSE
	EndGlobalSection
	GlobalSection(ExtensibilityGlobals) = postSolution
		SolutionGuid = {17EF3FC6-5368-4F75-96B1-7FEF5803B69B}
	EndGlobalSection
EndGlobal
